<Solution>
  <Folder Name="/.SolutionItems/">
    <File Path=".gitattributes" />
    <File Path=".github/workflows/deploy.yml" />
    <File Path=".gitignore" />
    <File Path="LICENSE.txt" />
    <File Path="README.md" />
  </Folder>
  <Project Path="MyWebsite/MyWebsite.csproj" Id="d8f0fce1-454c-4b4f-ae7f-03537a80a4ff" />
</Solution>
